
Microsoft Visual Studio Solution File, Format Version 12.00
# Visual Studio Version 16
VisualStudioVersion = 16.0.29806.167
MinimumVisualStudioVersion = 10.0.40219.1
Project("{F184B08F-C81C-45F6-A57F-5ABD9991F28F}") = "DotNetPatcher", "DotNetPatcher\DotNetPatcher.vbproj", "{6509BB3A-5044-437A-BBD9-6DFDF36FB88C}"
EndProject
Project("{F184B08F-C81C-45F6-A57F-5ABD9991F28F}") = "Helper", "Helper\Helper.vbproj", "{C83FB11B-F2FC-4895-BEDE-11BFA9C90AE3}"
EndProject
Project("{F184B08F-C81C-45F6-A57F-5ABD9991F28F}") = "Implementer", "Implementer\Implementer.vbproj", "{BC17B941-39E0-45BD-8F49-730EC6045108}"
EndProject
Project("{FAE04EC0-301F-11D3-BF4B-00C04F79EFBC}") = "Injections", "Injections\Injections\Injections.csproj", "{2E99870D-2ADF-448B-92CE-CCE190C9134D}"
EndProject
Project("{FAE04EC0-301F-11D3-BF4B-00C04F79EFBC}") = "Sevenzip", "Sevenzip\Sevenzip\Sevenzip.csproj", "{233FA980-EF10-4BA7-8C4A-63F5D6D09925}"
EndProject
Project("{F184B08F-C81C-45F6-A57F-5ABD9991F28F}") = "LoginTheme", "LoginTheme\LoginTheme.vbproj", "{96903FFF-8F56-478F-BF84-CDA513476D2A}"
EndProject
Project("{FAE04EC0-301F-11D3-BF4B-00C04F79EFBC}") = "ResourceLib", "ResourceLib\ResourceLib.csproj", "{AC9AF16F-7BF8-4400-95DE-6BC6CA53181E}"
EndProject
Project("{FAE04EC0-301F-11D3-BF4B-00C04F79EFBC}") = "dnlib", "Dnlib\dnlib.csproj", "{7460A353-299C-4D1A-B95A-15C675F4FBC7}"
EndProject
Project("{FAE04EC0-301F-11D3-BF4B-00C04F79EFBC}") = "Mono.Cecil", "Cecil\Mono.Cecil.csproj", "{D68133BD-1E63-496E-9EDE-4FBDBF77B486}"
EndProject
Project("{FAE04EC0-301F-11D3-BF4B-00C04F79EFBC}") = "Mono.Cecil.Rocks", "Cecil\rocks\Mono.Cecil.Rocks.csproj", "{FBC6DD59-D09D-499C-B03C-99C1C78FF2AC}"
EndProject
Global
	GlobalSection(SolutionConfigurationPlatforms) = preSolution
		Debug|Any CPU = Debug|Any CPU
		Release|Any CPU = Release|Any CPU
	EndGlobalSection
	GlobalSection(ProjectConfigurationPlatforms) = postSolution
		{6509BB3A-5044-437A-BBD9-6DFDF36FB88C}.Debug|Any CPU.ActiveCfg = Debug|Any CPU
		{6509BB3A-5044-437A-BBD9-6DFDF36FB88C}.Debug|Any CPU.Build.0 = Debug|Any CPU
		{6509BB3A-5044-437A-BBD9-6DFDF36FB88C}.Release|Any CPU.ActiveCfg = Release|Any CPU
		{6509BB3A-5044-437A-BBD9-6DFDF36FB88C}.Release|Any CPU.Build.0 = Release|Any CPU
		{C83FB11B-F2FC-4895-BEDE-11BFA9C90AE3}.Debug|Any CPU.ActiveCfg = Debug|Any CPU
		{C83FB11B-F2FC-4895-BEDE-11BFA9C90AE3}.Debug|Any CPU.Build.0 = Debug|Any CPU
		{C83FB11B-F2FC-4895-BEDE-11BFA9C90AE3}.Release|Any CPU.ActiveCfg = Release|Any CPU
		{C83FB11B-F2FC-4895-BEDE-11BFA9C90AE3}.Release|Any CPU.Build.0 = Release|Any CPU
		{BC17B941-39E0-45BD-8F49-730EC6045108}.Debug|Any CPU.ActiveCfg = Debug|Any CPU
		{BC17B941-39E0-45BD-8F49-730EC6045108}.Debug|Any CPU.Build.0 = Debug|Any CPU
		{BC17B941-39E0-45BD-8F49-730EC6045108}.Release|Any CPU.ActiveCfg = Release|Any CPU
		{BC17B941-39E0-45BD-8F49-730EC6045108}.Release|Any CPU.Build.0 = Release|Any CPU
		{2E99870D-2ADF-448B-92CE-CCE190C9134D}.Debug|Any CPU.ActiveCfg = Debug|Any CPU
		{2E99870D-2ADF-448B-92CE-CCE190C9134D}.Debug|Any CPU.Build.0 = Debug|Any CPU
		{2E99870D-2ADF-448B-92CE-CCE190C9134D}.Release|Any CPU.ActiveCfg = Release|Any CPU
		{2E99870D-2ADF-448B-92CE-CCE190C9134D}.Release|Any CPU.Build.0 = Release|Any CPU
		{233FA980-EF10-4BA7-8C4A-63F5D6D09925}.Debug|Any CPU.ActiveCfg = Debug|Any CPU
		{233FA980-EF10-4BA7-8C4A-63F5D6D09925}.Debug|Any CPU.Build.0 = Debug|Any CPU
		{233FA980-EF10-4BA7-8C4A-63F5D6D09925}.Release|Any CPU.ActiveCfg = Release|Any CPU
		{233FA980-EF10-4BA7-8C4A-63F5D6D09925}.Release|Any CPU.Build.0 = Release|Any CPU
		{96903FFF-8F56-478F-BF84-CDA513476D2A}.Debug|Any CPU.ActiveCfg = Debug|Any CPU
		{96903FFF-8F56-478F-BF84-CDA513476D2A}.Debug|Any CPU.Build.0 = Debug|Any CPU
		{96903FFF-8F56-478F-BF84-CDA513476D2A}.Release|Any CPU.ActiveCfg = Release|Any CPU
		{96903FFF-8F56-478F-BF84-CDA513476D2A}.Release|Any CPU.Build.0 = Release|Any CPU
		{AC9AF16F-7BF8-4400-95DE-6BC6CA53181E}.Debug|Any CPU.ActiveCfg = Debug|Any CPU
		{AC9AF16F-7BF8-4400-95DE-6BC6CA53181E}.Debug|Any CPU.Build.0 = Debug|Any CPU
		{AC9AF16F-7BF8-4400-95DE-6BC6CA53181E}.Release|Any CPU.ActiveCfg = Release|Any CPU
		{AC9AF16F-7BF8-4400-95DE-6BC6CA53181E}.Release|Any CPU.Build.0 = Release|Any CPU
		{7460A353-299C-4D1A-B95A-15C675F4FBC7}.Debug|Any CPU.ActiveCfg = Debug|Any CPU
		{7460A353-299C-4D1A-B95A-15C675F4FBC7}.Debug|Any CPU.Build.0 = Debug|Any CPU
		{7460A353-299C-4D1A-B95A-15C675F4FBC7}.Release|Any CPU.ActiveCfg = Release|Any CPU
		{7460A353-299C-4D1A-B95A-15C675F4FBC7}.Release|Any CPU.Build.0 = Release|Any CPU
		{D68133BD-1E63-496E-9EDE-4FBDBF77B486}.Debug|Any CPU.ActiveCfg = Debug|Any CPU
		{D68133BD-1E63-496E-9EDE-4FBDBF77B486}.Debug|Any CPU.Build.0 = Debug|Any CPU
		{D68133BD-1E63-496E-9EDE-4FBDBF77B486}.Release|Any CPU.ActiveCfg = Release|Any CPU
		{D68133BD-1E63-496E-9EDE-4FBDBF77B486}.Release|Any CPU.Build.0 = Release|Any CPU
		{FBC6DD59-D09D-499C-B03C-99C1C78FF2AC}.Debug|Any CPU.ActiveCfg = Debug|Any CPU
		{FBC6DD59-D09D-499C-B03C-99C1C78FF2AC}.Debug|Any CPU.Build.0 = Debug|Any CPU
		{FBC6DD59-D09D-499C-B03C-99C1C78FF2AC}.Release|Any CPU.ActiveCfg = Release|Any CPU
		{FBC6DD59-D09D-499C-B03C-99C1C78FF2AC}.Release|Any CPU.Build.0 = Release|Any CPU
	EndGlobalSection
	GlobalSection(SolutionProperties) = preSolution
		HideSolutionNode = FALSE
	EndGlobalSection
	GlobalSection(ExtensibilityGlobals) = postSolution
		SolutionGuid = {DD57F285-7775-4567-9831-4EEB013829D1}
	EndGlobalSection
EndGlobal
